
Microsoft Visual Studio Solution File, Format Version 12.00
# Visual Studio Version 16
VisualStudioVersion = 16.0.31005.135
MinimumVisualStudioVersion = 10.0.40219.1
Project("{FAE04EC0-301F-11D3-BF4B-00C04F79EFBC}") = "MvcMusic", "MvcMusic.csproj", "{32C9D863-F000-4FDF-81C1-7C22977EC2E4}"
EndProject
Project("{FAE04EC0-301F-11D3-BF4B-00C04F79EFBC}") = "TodoApi", "..\TodoApi\TodoApi.csproj", "{8C500F21-0B09-42B6-9BE2-B6AA0916E4E8}"
EndProject
Global
	GlobalSection(SolutionConfigurationPlatforms) = preSolution
		Debug|Any CPU = Debug|Any CPU
		Release|Any CPU = Release|Any CPU
	EndGlobalSection
	GlobalSection(ProjectConfigurationPlatforms) = postSolution
		{32C9D863-F000-4FDF-81C1-7C22977EC2E4}.Debug|Any CPU.ActiveCfg = Debug|Any CPU
		{32C9D863-F000-4FDF-81C1-7C22977EC2E4}.Debug|Any CPU.Build.0 = Debug|Any CPU
		{32C9D863-F000-4FDF-81C1-7C22977EC2E4}.Release|Any CPU.ActiveCfg = Release|Any CPU
		{32C9D863-F000-4FDF-81C1-7C22977EC2E4}.Release|Any CPU.Build.0 = Release|Any CPU
		{8C500F21-0B09-42B6-9BE2-B6AA0916E4E8}.Debug|Any CPU.ActiveCfg = Debug|Any CPU
		{8C500F21-0B09-42B6-9BE2-B6AA0916E4E8}.Debug|Any CPU.Build.0 = Debug|Any CPU
		{8C500F21-0B09-42B6-9BE2-B6AA0916E4E8}.Release|Any CPU.ActiveCfg = Release|Any CPU
		{8C500F21-0B09-42B6-9BE2-B6AA0916E4E8}.Release|Any CPU.Build.0 = Release|Any CPU
	EndGlobalSection
	GlobalSection(SolutionProperties) = preSolution
		HideSolutionNode = FALSE
	EndGlobalSection
	GlobalSection(ExtensibilityGlobals) = postSolution
		SolutionGuid = {74580620-0370-4451-9BAB-82263901508D}
	EndGlobalSection
EndGlobal
